
Microsoft Visual Studio Solution File, Format Version 12.00
Project("{FAE04EC0-301F-11D3-BF4B-00C04F79EFBC}") = "WebKit", "src/WebKit/WebKit.csproj", "{A490450D-61B5-4C50-AF35-E61D63582FD5}"
EndProject
Global
	GlobalSection(SolutionConfigurationPlatforms) = preSolution
		Debug|Any CPU = Debug|Any CPU
		Release|Any CPU = Release|Any CPU
	EndGlobalSection
	GlobalSection(ProjectConfigurationPlatforms) = postSolution
		{A490450D-61B5-4C50-AF35-E61D63582FD5}.Debug|Any CPU.ActiveCfg = Debug|Any CPU
		{A490450D-61B5-4C50-AF35-E61D63582FD5}.Debug|Any CPU.Build.0 = Debug|Any CPU
		{A490450D-61B5-4C50-AF35-E61D63582FD5}.Release|Any CPU.ActiveCfg = Release|Any CPU
		{A490450D-61B5-4C50-AF35-E61D63582FD5}.Release|Any CPU.Build.0 = Release|Any CPU
	EndGlobalSection
EndGlobal
